
Microsoft Visual Studio Solution File, Format Version 12.00
# Visual Studio 15
VisualStudioVersion = 15.0.28307.438
MinimumVisualStudioVersion = 10.0.40219.1
Project("{8BC9CEB8-8B4A-11D0-8D11-00A0C91BC942}") = "红黑树", "红黑树\红黑树.vcxproj", "{AF392201-E307-4E80-BCC3-9F3F3BF3A0CB}"
EndProject
Global
	GlobalSection(SolutionConfigurationPlatforms) = preSolution
		Debug|x64 = Debug|x64
		Debug|x86 = Debug|x86
		Release|x64 = Release|x64
		Release|x86 = Release|x86
	EndGlobalSection
	GlobalSection(ProjectConfigurationPlatforms) = postSolution
		{AF392201-E307-4E80-BCC3-9F3F3BF3A0CB}.Debug|x64.ActiveCfg = Debug|x64
		{AF392201-E307-4E80-BCC3-9F3F3BF3A0CB}.Debug|x64.Build.0 = Debug|x64
		{AF392201-E307-4E80-BCC3-9F3F3BF3A0CB}.Debug|x86.ActiveCfg = Debug|Win32
		{AF392201-E307-4E80-BCC3-9F3F3BF3A0CB}.Debug|x86.Build.0 = Debug|Win32
		{AF392201-E307-4E80-BCC3-9F3F3BF3A0CB}.Release|x64.ActiveCfg = Release|x64
		{AF392201-E307-4E80-BCC3-9F3F3BF3A0CB}.Release|x64.Build.0 = Release|x64
		{AF392201-E307-4E80-BCC3-9F3F3BF3A0CB}.Release|x86.ActiveCfg = Release|Win32
		{AF392201-E307-4E80-BCC3-9F3F3BF3A0CB}.Release|x86.Build.0 = Release|Win32
	EndGlobalSection
	GlobalSection(SolutionProperties) = preSolution
		HideSolutionNode = FALSE
	EndGlobalSection
	GlobalSection(ExtensibilityGlobals) = postSolution
		SolutionGuid = {57E5FF2F-1C1F-4CE8-ACFA-4545B18F652D}
	EndGlobalSection
EndGlobal
